NeoBundleLock vim-javascript f8122fd1caca68b2592553e43dad45b3dc445a06
NeoBundleLock vim-colors-solarized 528a59f26d12278698bb946f8fb82a63711eec21
NeoBundleLock ctrlp.vim b5d3fe66a58a13d2ff8b6391f4387608496a030f
NeoBundleLock nerdtree 4f1e6ecb057fc0bac189171c1430d71ef25f6bb1
NeoBundleLock neobundle.vim 4eae51477d0a3e88495fc2c9dcc52abc8ea36675
NeoBundleLock vim-surround fa433e0b7330753688f715f3be5d10dc480f20e5
NeoBundleLock vim-airline 616daceb735771ed27535abe8a6e4907320f1e82
NeoBundleLock vim-unimpaired 3548479cc154154cbdbb6737ca08a47937cc7113
NeoBundleLock vim-fugitive 0374322ba5d85ae44dd9dc44ef31ca015a59097e
NeoBundleLock vim-haml 204e32721154766e03e99ff857bc798aa5b741dc
