NeoBundleLock vim-airline 616daceb735771ed27535abe8a6e4907320f1e82
NeoBundleLock vim-javascript f8122fd1caca68b2592553e43dad45b3dc445a06
NeoBundleLock editorconfig-vim 8dc406a3bf1e102bfa2413cde21b5632fa529e13
NeoBundleLock vim-haml 204e32721154766e03e99ff857bc798aa5b741dc
NeoBundleLock nerdtree 4f1e6ecb057fc0bac189171c1430d71ef25f6bb1
NeoBundleLock neobundle.vim 4eae51477d0a3e88495fc2c9dcc52abc8ea36675
NeoBundleLock vim-surround fa433e0b7330753688f715f3be5d10dc480f20e5
NeoBundleLock vim-fugitive 0374322ba5d85ae44dd9dc44ef31ca015a59097e
NeoBundleLock vim-unimpaired 3548479cc154154cbdbb6737ca08a47937cc7113
NeoBundleLock vim-autoclose a9a3b7384657bc1f60a963fd6c08c63fc48d61c3
NeoBundleLock ctrlp.vim b5d3fe66a58a13d2ff8b6391f4387608496a030f
NeoBundleLock indentLine bdad4e2ee6b1eccbfad0d12ddad46c9dca72d668
